
Microsoft Visual Studio Solution File, Format Version 12.00
# Visual Studio Version 17
VisualStudioVersion = 17.10.34928.147
MinimumVisualStudioVersion = 10.0.40219.1
Project("{FAE04EC0-301F-11D3-BF4B-00C04F79EFBC}") = "DesafiodotNetVS", "DesafiodotNetVS.csproj", "{29A51A85-A210-4F01-BEEB-E6E81F9BB385}"
EndProject
Global
	GlobalSection(SolutionConfigurationPlatforms) = preSolution
		Debug|Any CPU = Debug|Any CPU
		Release|Any CPU = Release|Any CPU
	EndGlobalSection
	GlobalSection(ProjectConfigurationPlatforms) = postSolution
		{29A51A85-A210-4F01-BEEB-E6E81F9BB385}.Debug|Any CPU.ActiveCfg = Debug|Any CPU
		{29A51A85-A210-4F01-BEEB-E6E81F9BB385}.Debug|Any CPU.Build.0 = Debug|Any CPU
		{29A51A85-A210-4F01-BEEB-E6E81F9BB385}.Release|Any CPU.ActiveCfg = Release|Any CPU
		{29A51A85-A210-4F01-BEEB-E6E81F9BB385}.Release|Any CPU.Build.0 = Release|Any CPU
	EndGlobalSection
	GlobalSection(SolutionProperties) = preSolution
		HideSolutionNode = FALSE
	EndGlobalSection
	GlobalSection(ExtensibilityGlobals) = postSolution
		SolutionGuid = {658E3539-E0E8-4D51-85F6-E4A8CEA042DA}
	EndGlobalSection
EndGlobal
